
Microsoft Visual Studio Solution File, Format Version 12.00
# Visual Studio 15
VisualStudioVersion = 15.0.26124.0
MinimumVisualStudioVersion = 15.0.26124.0
Project("{2150E333-8FDC-42A3-9474-1A3956D46DE8}") = "src", "src", "{33BC7202-322E-498E-9AE6-B9B6C9256E36}"
EndProject
Project("{FAE04EC0-301F-11D3-BF4B-00C04F79EFBC}") = "Clock", "src\Clock\Clock.csproj", "{36ACF2DB-0CE1-402D-89F2-BCE5CA636992}"
EndProject
Project("{FAE04EC0-301F-11D3-BF4B-00C04F79EFBC}") = "Clock.Testing", "src\Clock.Testing\Clock.Testing.csproj", "{89CB7D74-98CF-44C2-B6E5-37F19ED0C647}"
EndProject
Project("{2150E333-8FDC-42A3-9474-1A3956D46DE8}") = "tests", "tests", "{93E67DDA-AC1C-4FB4-8120-D99640FF39A9}"
EndProject
Project("{FAE04EC0-301F-11D3-BF4B-00C04F79EFBC}") = "Tests.Clock", "tests\Tests.Clock\Tests.Clock.csproj", "{404221FB-30B5-417B-94EB-8C7E81A55C18}"
EndProject
Global
	GlobalSection(SolutionConfigurationPlatforms) = preSolution
		Debug|Any CPU = Debug|Any CPU
		Debug|x64 = Debug|x64
		Debug|x86 = Debug|x86
		Release|Any CPU = Release|Any CPU
		Release|x64 = Release|x64
		Release|x86 = Release|x86
	EndGlobalSection
	GlobalSection(SolutionProperties) = preSolution
		HideSolutionNode = FALSE
	EndGlobalSection
	GlobalSection(ProjectConfigurationPlatforms) = postSolution
		{36ACF2DB-0CE1-402D-89F2-BCE5CA636992}.Debug|Any CPU.ActiveCfg = Debug|Any CPU
		{36ACF2DB-0CE1-402D-89F2-BCE5CA636992}.Debug|Any CPU.Build.0 = Debug|Any CPU
		{36ACF2DB-0CE1-402D-89F2-BCE5CA636992}.Debug|x64.ActiveCfg = Debug|Any CPU
		{36ACF2DB-0CE1-402D-89F2-BCE5CA636992}.Debug|x64.Build.0 = Debug|Any CPU
		{36ACF2DB-0CE1-402D-89F2-BCE5CA636992}.Debug|x86.ActiveCfg = Debug|Any CPU
		{36ACF2DB-0CE1-402D-89F2-BCE5CA636992}.Debug|x86.Build.0 = Debug|Any CPU
		{36ACF2DB-0CE1-402D-89F2-BCE5CA636992}.Release|Any CPU.ActiveCfg = Release|Any CPU
		{36ACF2DB-0CE1-402D-89F2-BCE5CA636992}.Release|Any CPU.Build.0 = Release|Any CPU
		{36ACF2DB-0CE1-402D-89F2-BCE5CA636992}.Release|x64.ActiveCfg = Release|Any CPU
		{36ACF2DB-0CE1-402D-89F2-BCE5CA636992}.Release|x64.Build.0 = Release|Any CPU
		{36ACF2DB-0CE1-402D-89F2-BCE5CA636992}.Release|x86.ActiveCfg = Release|Any CPU
		{36ACF2DB-0CE1-402D-89F2-BCE5CA636992}.Release|x86.Build.0 = Release|Any CPU
		{89CB7D74-98CF-44C2-B6E5-37F19ED0C647}.Debug|Any CPU.ActiveCfg = Debug|Any CPU
		{89CB7D74-98CF-44C2-B6E5-37F19ED0C647}.Debug|Any CPU.Build.0 = Debug|Any CPU
		{89CB7D74-98CF-44C2-B6E5-37F19ED0C647}.Debug|x64.ActiveCfg = Debug|Any CPU
		{89CB7D74-98CF-44C2-B6E5-37F19ED0C647}.Debug|x64.Build.0 = Debug|Any CPU
		{89CB7D74-98CF-44C2-B6E5-37F19ED0C647}.Debug|x86.ActiveCfg = Debug|Any CPU
		{89CB7D74-98CF-44C2-B6E5-37F19ED0C647}.Debug|x86.Build.0 = Debug|Any CPU
		{89CB7D74-98CF-44C2-B6E5-37F19ED0C647}.Release|Any CPU.ActiveCfg = Release|Any CPU
		{89CB7D74-98CF-44C2-B6E5-37F19ED0C647}.Release|Any CPU.Build.0 = Release|Any CPU
		{89CB7D74-98CF-44C2-B6E5-37F19ED0C647}.Release|x64.ActiveCfg = Release|Any CPU
		{89CB7D74-98CF-44C2-B6E5-37F19ED0C647}.Release|x64.Build.0 = Release|Any CPU
		{89CB7D74-98CF-44C2-B6E5-37F19ED0C647}.Release|x86.ActiveCfg = Release|Any CPU
		{89CB7D74-98CF-44C2-B6E5-37F19ED0C647}.Release|x86.Build.0 = Release|Any CPU
		{404221FB-30B5-417B-94EB-8C7E81A55C18}.Debug|Any CPU.ActiveCfg = Debug|Any CPU
		{404221FB-30B5-417B-94EB-8C7E81A55C18}.Debug|Any CPU.Build.0 = Debug|Any CPU
		{404221FB-30B5-417B-94EB-8C7E81A55C18}.Debug|x64.ActiveCfg = Debug|Any CPU
		{404221FB-30B5-417B-94EB-8C7E81A55C18}.Debug|x64.Build.0 = Debug|Any CPU
		{404221FB-30B5-417B-94EB-8C7E81A55C18}.Debug|x86.ActiveCfg = Debug|Any CPU
		{404221FB-30B5-417B-94EB-8C7E81A55C18}.Debug|x86.Build.0 = Debug|Any CPU
		{404221FB-30B5-417B-94EB-8C7E81A55C18}.Release|Any CPU.ActiveCfg = Release|Any CPU
		{404221FB-30B5-417B-94EB-8C7E81A55C18}.Release|Any CPU.Build.0 = Release|Any CPU
		{404221FB-30B5-417B-94EB-8C7E81A55C18}.Release|x64.ActiveCfg = Release|Any CPU
		{404221FB-30B5-417B-94EB-8C7E81A55C18}.Release|x64.Build.0 = Release|Any CPU
		{404221FB-30B5-417B-94EB-8C7E81A55C18}.Release|x86.ActiveCfg = Release|Any CPU
		{404221FB-30B5-417B-94EB-8C7E81A55C18}.Release|x86.Build.0 = Release|Any CPU
	EndGlobalSection
	GlobalSection(NestedProjects) = preSolution
		{36ACF2DB-0CE1-402D-89F2-BCE5CA636992} = {33BC7202-322E-498E-9AE6-B9B6C9256E36}
		{89CB7D74-98CF-44C2-B6E5-37F19ED0C647} = {33BC7202-322E-498E-9AE6-B9B6C9256E36}
		{404221FB-30B5-417B-94EB-8C7E81A55C18} = {93E67DDA-AC1C-4FB4-8120-D99640FF39A9}
	EndGlobalSection
EndGlobal
