
Microsoft Visual Studio Solution File, Format Version 12.00
# Visual Studio 15
VisualStudioVersion = 15.0.26124.0
MinimumVisualStudioVersion = 15.0.26124.0
Project("{2150E333-8FDC-42A3-9474-1A3956D46DE8}") = "src", "src", "{34F41340-4F0F-4E74-91FB-A8A762596642}"
EndProject
Project("{FAE04EC0-301F-11D3-BF4B-00C04F79EFBC}") = "Clock", "src\Clock\Clock.csproj", "{EE48A971-E160-4566-ABF4-9488E7A343F8}"
EndProject
Project("{2150E333-8FDC-42A3-9474-1A3956D46DE8}") = "Hosting", "Hosting", "{BE4BF1B0-A1BC-4760-97D2-C9C99F2E11C9}"
EndProject
Project("{FAE04EC0-301F-11D3-BF4B-00C04F79EFBC}") = "Hosting.TopShelf", "src\Hosting\Hosting.TopShelf\Hosting.TopShelf.csproj", "{A282FD5A-198D-4869-9344-9E15769C6708}"
EndProject
Project("{FAE04EC0-301F-11D3-BF4B-00C04F79EFBC}") = "ServiceModel", "src\ServiceModel\ServiceModel.csproj", "{5AE13861-3BD4-413F-A11F-08CA46762EE1}"
EndProject
Project("{2150E333-8FDC-42A3-9474-1A3956D46DE8}") = "Testing", "Testing", "{BB8D6509-BF92-4F77-B54F-403C846FF6DD}"
EndProject
Project("{FAE04EC0-301F-11D3-BF4B-00C04F79EFBC}") = "Clock.Testing", "src\Testing\Clock.Testing\Clock.Testing.csproj", "{C9E6F3A0-3EE7-42C2-8A55-097737DCD1AF}"
EndProject
Project("{2150E333-8FDC-42A3-9474-1A3956D46DE8}") = "tests", "tests", "{CEE90840-213B-4D0D-BE2A-A6963833FFB1}"
EndProject
Project("{FAE04EC0-301F-11D3-BF4B-00C04F79EFBC}") = "Tests.Clock", "tests\Tests.Clock\Tests.Clock.csproj", "{D68B903B-2273-4143-BFF0-752C1443E93D}"
EndProject
Project("{FAE04EC0-301F-11D3-BF4B-00C04F79EFBC}") = "Tests.Hosting.TopShelf", "tests\Tests.Hosting.TopShelf\Tests.Hosting.TopShelf.csproj", "{7D5A9EFE-6543-4D76-898E-BC5A1338A00C}"
EndProject
Global
	GlobalSection(SolutionConfigurationPlatforms) = preSolution
		Debug|Any CPU = Debug|Any CPU
		Debug|x64 = Debug|x64
		Debug|x86 = Debug|x86
		Release|Any CPU = Release|Any CPU
		Release|x64 = Release|x64
		Release|x86 = Release|x86
	EndGlobalSection
	GlobalSection(SolutionProperties) = preSolution
		HideSolutionNode = FALSE
	EndGlobalSection
	GlobalSection(ProjectConfigurationPlatforms) = postSolution
		{EE48A971-E160-4566-ABF4-9488E7A343F8}.Debug|Any CPU.ActiveCfg = Debug|Any CPU
		{EE48A971-E160-4566-ABF4-9488E7A343F8}.Debug|Any CPU.Build.0 = Debug|Any CPU
		{EE48A971-E160-4566-ABF4-9488E7A343F8}.Debug|x64.ActiveCfg = Debug|Any CPU
		{EE48A971-E160-4566-ABF4-9488E7A343F8}.Debug|x64.Build.0 = Debug|Any CPU
		{EE48A971-E160-4566-ABF4-9488E7A343F8}.Debug|x86.ActiveCfg = Debug|Any CPU
		{EE48A971-E160-4566-ABF4-9488E7A343F8}.Debug|x86.Build.0 = Debug|Any CPU
		{EE48A971-E160-4566-ABF4-9488E7A343F8}.Release|Any CPU.ActiveCfg = Release|Any CPU
		{EE48A971-E160-4566-ABF4-9488E7A343F8}.Release|Any CPU.Build.0 = Release|Any CPU
		{EE48A971-E160-4566-ABF4-9488E7A343F8}.Release|x64.ActiveCfg = Release|Any CPU
		{EE48A971-E160-4566-ABF4-9488E7A343F8}.Release|x64.Build.0 = Release|Any CPU
		{EE48A971-E160-4566-ABF4-9488E7A343F8}.Release|x86.ActiveCfg = Release|Any CPU
		{EE48A971-E160-4566-ABF4-9488E7A343F8}.Release|x86.Build.0 = Release|Any CPU
		{A282FD5A-198D-4869-9344-9E15769C6708}.Debug|Any CPU.ActiveCfg = Debug|Any CPU
		{A282FD5A-198D-4869-9344-9E15769C6708}.Debug|Any CPU.Build.0 = Debug|Any CPU
		{A282FD5A-198D-4869-9344-9E15769C6708}.Debug|x64.ActiveCfg = Debug|Any CPU
		{A282FD5A-198D-4869-9344-9E15769C6708}.Debug|x64.Build.0 = Debug|Any CPU
		{A282FD5A-198D-4869-9344-9E15769C6708}.Debug|x86.ActiveCfg = Debug|Any CPU
		{A282FD5A-198D-4869-9344-9E15769C6708}.Debug|x86.Build.0 = Debug|Any CPU
		{A282FD5A-198D-4869-9344-9E15769C6708}.Release|Any CPU.ActiveCfg = Release|Any CPU
		{A282FD5A-198D-4869-9344-9E15769C6708}.Release|Any CPU.Build.0 = Release|Any CPU
		{A282FD5A-198D-4869-9344-9E15769C6708}.Release|x64.ActiveCfg = Release|Any CPU
		{A282FD5A-198D-4869-9344-9E15769C6708}.Release|x64.Build.0 = Release|Any CPU
		{A282FD5A-198D-4869-9344-9E15769C6708}.Release|x86.ActiveCfg = Release|Any CPU
		{A282FD5A-198D-4869-9344-9E15769C6708}.Release|x86.Build.0 = Release|Any CPU
		{5AE13861-3BD4-413F-A11F-08CA46762EE1}.Debug|Any CPU.ActiveCfg = Debug|Any CPU
		{5AE13861-3BD4-413F-A11F-08CA46762EE1}.Debug|Any CPU.Build.0 = Debug|Any CPU
		{5AE13861-3BD4-413F-A11F-08CA46762EE1}.Debug|x64.ActiveCfg = Debug|Any CPU
		{5AE13861-3BD4-413F-A11F-08CA46762EE1}.Debug|x64.Build.0 = Debug|Any CPU
		{5AE13861-3BD4-413F-A11F-08CA46762EE1}.Debug|x86.ActiveCfg = Debug|Any CPU
		{5AE13861-3BD4-413F-A11F-08CA46762EE1}.Debug|x86.Build.0 = Debug|Any CPU
		{5AE13861-3BD4-413F-A11F-08CA46762EE1}.Release|Any CPU.ActiveCfg = Release|Any CPU
		{5AE13861-3BD4-413F-A11F-08CA46762EE1}.Release|Any CPU.Build.0 = Release|Any CPU
		{5AE13861-3BD4-413F-A11F-08CA46762EE1}.Release|x64.ActiveCfg = Release|Any CPU
		{5AE13861-3BD4-413F-A11F-08CA46762EE1}.Release|x64.Build.0 = Release|Any CPU
		{5AE13861-3BD4-413F-A11F-08CA46762EE1}.Release|x86.ActiveCfg = Release|Any CPU
		{5AE13861-3BD4-413F-A11F-08CA46762EE1}.Release|x86.Build.0 = Release|Any CPU
		{C9E6F3A0-3EE7-42C2-8A55-097737DCD1AF}.Debug|Any CPU.ActiveCfg = Debug|Any CPU
		{C9E6F3A0-3EE7-42C2-8A55-097737DCD1AF}.Debug|Any CPU.Build.0 = Debug|Any CPU
		{C9E6F3A0-3EE7-42C2-8A55-097737DCD1AF}.Debug|x64.ActiveCfg = Debug|Any CPU
		{C9E6F3A0-3EE7-42C2-8A55-097737DCD1AF}.Debug|x64.Build.0 = Debug|Any CPU
		{C9E6F3A0-3EE7-42C2-8A55-097737DCD1AF}.Debug|x86.ActiveCfg = Debug|Any CPU
		{C9E6F3A0-3EE7-42C2-8A55-097737DCD1AF}.Debug|x86.Build.0 = Debug|Any CPU
		{C9E6F3A0-3EE7-42C2-8A55-097737DCD1AF}.Release|Any CPU.ActiveCfg = Release|Any CPU
		{C9E6F3A0-3EE7-42C2-8A55-097737DCD1AF}.Release|Any CPU.Build.0 = Release|Any CPU
		{C9E6F3A0-3EE7-42C2-8A55-097737DCD1AF}.Release|x64.ActiveCfg = Release|Any CPU
		{C9E6F3A0-3EE7-42C2-8A55-097737DCD1AF}.Release|x64.Build.0 = Release|Any CPU
		{C9E6F3A0-3EE7-42C2-8A55-097737DCD1AF}.Release|x86.ActiveCfg = Release|Any CPU
		{C9E6F3A0-3EE7-42C2-8A55-097737DCD1AF}.Release|x86.Build.0 = Release|Any CPU
		{D68B903B-2273-4143-BFF0-752C1443E93D}.Debug|Any CPU.ActiveCfg = Debug|Any CPU
		{D68B903B-2273-4143-BFF0-752C1443E93D}.Debug|Any CPU.Build.0 = Debug|Any CPU
		{D68B903B-2273-4143-BFF0-752C1443E93D}.Debug|x64.ActiveCfg = Debug|Any CPU
		{D68B903B-2273-4143-BFF0-752C1443E93D}.Debug|x64.Build.0 = Debug|Any CPU
		{D68B903B-2273-4143-BFF0-752C1443E93D}.Debug|x86.ActiveCfg = Debug|Any CPU
		{D68B903B-2273-4143-BFF0-752C1443E93D}.Debug|x86.Build.0 = Debug|Any CPU
		{D68B903B-2273-4143-BFF0-752C1443E93D}.Release|Any CPU.ActiveCfg = Release|Any CPU
		{D68B903B-2273-4143-BFF0-752C1443E93D}.Release|Any CPU.Build.0 = Release|Any CPU
		{D68B903B-2273-4143-BFF0-752C1443E93D}.Release|x64.ActiveCfg = Release|Any CPU
		{D68B903B-2273-4143-BFF0-752C1443E93D}.Release|x64.Build.0 = Release|Any CPU
		{D68B903B-2273-4143-BFF0-752C1443E93D}.Release|x86.ActiveCfg = Release|Any CPU
		{D68B903B-2273-4143-BFF0-752C1443E93D}.Release|x86.Build.0 = Release|Any CPU
		{7D5A9EFE-6543-4D76-898E-BC5A1338A00C}.Debug|Any CPU.ActiveCfg = Debug|Any CPU
		{7D5A9EFE-6543-4D76-898E-BC5A1338A00C}.Debug|Any CPU.Build.0 = Debug|Any CPU
		{7D5A9EFE-6543-4D76-898E-BC5A1338A00C}.Debug|x64.ActiveCfg = Debug|Any CPU
		{7D5A9EFE-6543-4D76-898E-BC5A1338A00C}.Debug|x64.Build.0 = Debug|Any CPU
		{7D5A9EFE-6543-4D76-898E-BC5A1338A00C}.Debug|x86.ActiveCfg = Debug|Any CPU
		{7D5A9EFE-6543-4D76-898E-BC5A1338A00C}.Debug|x86.Build.0 = Debug|Any CPU
		{7D5A9EFE-6543-4D76-898E-BC5A1338A00C}.Release|Any CPU.ActiveCfg = Release|Any CPU
		{7D5A9EFE-6543-4D76-898E-BC5A1338A00C}.Release|Any CPU.Build.0 = Release|Any CPU
		{7D5A9EFE-6543-4D76-898E-BC5A1338A00C}.Release|x64.ActiveCfg = Release|Any CPU
		{7D5A9EFE-6543-4D76-898E-BC5A1338A00C}.Release|x64.Build.0 = Release|Any CPU
		{7D5A9EFE-6543-4D76-898E-BC5A1338A00C}.Release|x86.ActiveCfg = Release|Any CPU
		{7D5A9EFE-6543-4D76-898E-BC5A1338A00C}.Release|x86.Build.0 = Release|Any CPU
	EndGlobalSection
	GlobalSection(NestedProjects) = preSolution
		{EE48A971-E160-4566-ABF4-9488E7A343F8} = {34F41340-4F0F-4E74-91FB-A8A762596642}
		{BE4BF1B0-A1BC-4760-97D2-C9C99F2E11C9} = {34F41340-4F0F-4E74-91FB-A8A762596642}
		{A282FD5A-198D-4869-9344-9E15769C6708} = {BE4BF1B0-A1BC-4760-97D2-C9C99F2E11C9}
		{5AE13861-3BD4-413F-A11F-08CA46762EE1} = {34F41340-4F0F-4E74-91FB-A8A762596642}
		{BB8D6509-BF92-4F77-B54F-403C846FF6DD} = {34F41340-4F0F-4E74-91FB-A8A762596642}
		{C9E6F3A0-3EE7-42C2-8A55-097737DCD1AF} = {BB8D6509-BF92-4F77-B54F-403C846FF6DD}
		{D68B903B-2273-4143-BFF0-752C1443E93D} = {CEE90840-213B-4D0D-BE2A-A6963833FFB1}
		{7D5A9EFE-6543-4D76-898E-BC5A1338A00C} = {CEE90840-213B-4D0D-BE2A-A6963833FFB1}
	EndGlobalSection
EndGlobal
