
Microsoft Visual Studio Solution File, Format Version 12.00
# Visual Studio 15
VisualStudioVersion = 15.0.26124.0
MinimumVisualStudioVersion = 15.0.26124.0
Project("{2150E333-8FDC-42A3-9474-1A3956D46DE8}") = "samples", "samples", "{8430F475-D735-4192-9D73-1CB47CA1E168}"
EndProject
Project("{2150E333-8FDC-42A3-9474-1A3956D46DE8}") = "ServiceModel", "ServiceModel", "{905AF754-56CA-4147-8165-B6B4305D590E}"
EndProject
Project("{FAE04EC0-301F-11D3-BF4B-00C04F79EFBC}") = "BasicHttpService", "samples\ServiceModel\BasicHttpService\BasicHttpService.csproj", "{EF7D3288-840B-45EA-9370-A49ACCA20417}"
EndProject
Project("{FAE04EC0-301F-11D3-BF4B-00C04F79EFBC}") = "MultipleEndpoints", "samples\ServiceModel\MultipleEndpoints\MultipleEndpoints.csproj", "{D1E5CED8-0081-4DF6-84C0-BA4FFE53809A}"
EndProject
Project("{FAE04EC0-301F-11D3-BF4B-00C04F79EFBC}") = "MultipleEndpointsWithConfiguration", "samples\ServiceModel\MultipleEndpointsWithConfiguration\MultipleEndpointsWithConfiguration.csproj", "{90B445C3-D20C-4860-88AA-014E1DF8AA17}"
EndProject
Project("{FAE04EC0-301F-11D3-BF4B-00C04F79EFBC}") = "MultipleServices", "samples\ServiceModel\MultipleServices\MultipleServices.csproj", "{BB786B45-5447-442D-BDAF-1C8F8A6C4E4D}"
EndProject
Project("{FAE04EC0-301F-11D3-BF4B-00C04F79EFBC}") = "NetNamedPipeService", "samples\ServiceModel\NetNamedPipeService\NetNamedPipeService.csproj", "{A490B0B8-EA33-433D-8154-F9DD9956DADA}"
EndProject
Project("{FAE04EC0-301F-11D3-BF4B-00C04F79EFBC}") = "NetTcpService", "samples\ServiceModel\NetTcpService\NetTcpService.csproj", "{F030A501-DA97-407F-8289-24F354C577A3}"
EndProject
Project("{FAE04EC0-301F-11D3-BF4B-00C04F79EFBC}") = "WSHttpService", "samples\ServiceModel\WSHttpService\WSHttpService.csproj", "{60D04CA8-BA69-41D9-9FD1-62D917A04659}"
EndProject
Project("{2150E333-8FDC-42A3-9474-1A3956D46DE8}") = "src", "src", "{0896023D-BD31-4AF3-BBD7-A09A4DE4F4DD}"
EndProject
Project("{FAE04EC0-301F-11D3-BF4B-00C04F79EFBC}") = "Clock", "src\Clock\Clock.csproj", "{67972AAC-C55F-42E2-8596-E897FB12D2B8}"
EndProject
Project("{2150E333-8FDC-42A3-9474-1A3956D46DE8}") = "Hosting", "Hosting", "{18634F79-EBFC-46EB-A028-34494D91BDDA}"
EndProject
Project("{FAE04EC0-301F-11D3-BF4B-00C04F79EFBC}") = "Hosting.TopShelf", "src\Hosting\Hosting.TopShelf\Hosting.TopShelf.csproj", "{ED72F12E-1A2C-4319-A61E-E6967F72EE2B}"
EndProject
Project("{2150E333-8FDC-42A3-9474-1A3956D46DE8}") = "Testing", "Testing", "{E5781803-D5B5-4C7C-8E1E-F746B073FBC6}"
EndProject
Project("{FAE04EC0-301F-11D3-BF4B-00C04F79EFBC}") = "Clock.Testing", "src\Testing\Clock.Testing\Clock.Testing.csproj", "{BC4F19CD-D9A9-4AE3-8FE5-95D9E5529E48}"
EndProject
Project("{2150E333-8FDC-42A3-9474-1A3956D46DE8}") = "tests", "tests", "{A42D2AC2-EB1D-4CB2-B7F2-589BCA44DE21}"
EndProject
Project("{FAE04EC0-301F-11D3-BF4B-00C04F79EFBC}") = "Tests.Clock", "tests\Tests.Clock\Tests.Clock.csproj", "{EF58BDA9-85D0-4615-AFCB-F4F89E549BFB}"
EndProject
Project("{FAE04EC0-301F-11D3-BF4B-00C04F79EFBC}") = "Tests.Hosting.TopShelf", "tests\Tests.Hosting.TopShelf\Tests.Hosting.TopShelf.csproj", "{F2FA4078-0AD7-4032-BB24-2BC38A5ABD12}"
EndProject
Project("{FAE04EC0-301F-11D3-BF4B-00C04F79EFBC}") = "Tests.ServiceModel", "tests\Tests.ServiceModel\Tests.ServiceModel.csproj", "{5912AC7C-CA9C-4E46-AF5A-F33A804B9ED6}"
EndProject
Project("{FAE04EC0-301F-11D3-BF4B-00C04F79EFBC}") = "Tests.ServiceModel.ECS", "tests\Tests.ServiceModel.ECS\Tests.ServiceModel.ECS.csproj", "{10D1F59F-2755-4E19-9AC4-7CF9E5F7DB5A}"
EndProject
Project("{FAE04EC0-301F-11D3-BF4B-00C04F79EFBC}") = "NybusBridge", "src\NybusBridge\NybusBridge.csproj", "{B9144FCE-298B-41F3-A185-A8436A134074}"
EndProject
Project("{FAE04EC0-301F-11D3-BF4B-00C04F79EFBC}") = "Tests.NybusBridge", "tests\Tests.NybusBridge\Tests.NybusBridge.csproj", "{BAA71608-AC29-4267-AEB9-84314111C711}"
EndProject
Project("{2150E333-8FDC-42A3-9474-1A3956D46DE8}") = "ServiceModel", "ServiceModel", "{FBE8ADBE-C848-4B96-9B1E-3A673FC4D498}"
EndProject
Project("{FAE04EC0-301F-11D3-BF4B-00C04F79EFBC}") = "ServiceModel", "src\ServiceModel\ServiceModel\ServiceModel.csproj", "{D553B5AB-60BF-42FB-BA14-C28A981DAA48}"
EndProject
Project("{FAE04EC0-301F-11D3-BF4B-00C04F79EFBC}") = "ServiceModel.ECS", "src\ServiceModel\ServiceModel.ECS\ServiceModel.ECS.csproj", "{FD8A60A4-FF8D-4BB4-9A43-913E30BCAA22}"
EndProject
Project("{FAE04EC0-301F-11D3-BF4B-00C04F79EFBC}") = "ServiceModel.DiscoveryAdapter", "src\ServiceModel\ServiceModel.DiscoveryAdapter\ServiceModel.DiscoveryAdapter.csproj", "{1018E355-6B43-4ED6-8EB1-7DC8799F1391}"
EndProject
Project("{FAE04EC0-301F-11D3-BF4B-00C04F79EFBC}") = "ServiceModel.Extensions", "src\ServiceModel\ServiceModel.Extensions\ServiceModel.Extensions.csproj", "{807D4134-F4BF-46E6-8E64-D1F299C8BD33}"
EndProject
Global
	GlobalSection(SolutionConfigurationPlatforms) = preSolution
		Debug|Any CPU = Debug|Any CPU
		Debug|x64 = Debug|x64
		Debug|x86 = Debug|x86
		Release|Any CPU = Release|Any CPU
		Release|x64 = Release|x64
		Release|x86 = Release|x86
	EndGlobalSection
	GlobalSection(SolutionProperties) = preSolution
		HideSolutionNode = FALSE
	EndGlobalSection
	GlobalSection(ProjectConfigurationPlatforms) = postSolution
		{EF7D3288-840B-45EA-9370-A49ACCA20417}.Debug|Any CPU.ActiveCfg = Debug|Any CPU
		{EF7D3288-840B-45EA-9370-A49ACCA20417}.Debug|Any CPU.Build.0 = Debug|Any CPU
		{EF7D3288-840B-45EA-9370-A49ACCA20417}.Debug|x64.ActiveCfg = Debug|Any CPU
		{EF7D3288-840B-45EA-9370-A49ACCA20417}.Debug|x64.Build.0 = Debug|Any CPU
		{EF7D3288-840B-45EA-9370-A49ACCA20417}.Debug|x86.ActiveCfg = Debug|Any CPU
		{EF7D3288-840B-45EA-9370-A49ACCA20417}.Debug|x86.Build.0 = Debug|Any CPU
		{EF7D3288-840B-45EA-9370-A49ACCA20417}.Release|Any CPU.ActiveCfg = Release|Any CPU
		{EF7D3288-840B-45EA-9370-A49ACCA20417}.Release|Any CPU.Build.0 = Release|Any CPU
		{EF7D3288-840B-45EA-9370-A49ACCA20417}.Release|x64.ActiveCfg = Release|Any CPU
		{EF7D3288-840B-45EA-9370-A49ACCA20417}.Release|x64.Build.0 = Release|Any CPU
		{EF7D3288-840B-45EA-9370-A49ACCA20417}.Release|x86.ActiveCfg = Release|Any CPU
		{EF7D3288-840B-45EA-9370-A49ACCA20417}.Release|x86.Build.0 = Release|Any CPU
		{D1E5CED8-0081-4DF6-84C0-BA4FFE53809A}.Debug|Any CPU.ActiveCfg = Debug|Any CPU
		{D1E5CED8-0081-4DF6-84C0-BA4FFE53809A}.Debug|Any CPU.Build.0 = Debug|Any CPU
		{D1E5CED8-0081-4DF6-84C0-BA4FFE53809A}.Debug|x64.ActiveCfg = Debug|Any CPU
		{D1E5CED8-0081-4DF6-84C0-BA4FFE53809A}.Debug|x64.Build.0 = Debug|Any CPU
		{D1E5CED8-0081-4DF6-84C0-BA4FFE53809A}.Debug|x86.ActiveCfg = Debug|Any CPU
		{D1E5CED8-0081-4DF6-84C0-BA4FFE53809A}.Debug|x86.Build.0 = Debug|Any CPU
		{D1E5CED8-0081-4DF6-84C0-BA4FFE53809A}.Release|Any CPU.ActiveCfg = Release|Any CPU
		{D1E5CED8-0081-4DF6-84C0-BA4FFE53809A}.Release|Any CPU.Build.0 = Release|Any CPU
		{D1E5CED8-0081-4DF6-84C0-BA4FFE53809A}.Release|x64.ActiveCfg = Release|Any CPU
		{D1E5CED8-0081-4DF6-84C0-BA4FFE53809A}.Release|x64.Build.0 = Release|Any CPU
		{D1E5CED8-0081-4DF6-84C0-BA4FFE53809A}.Release|x86.ActiveCfg = Release|Any CPU
		{D1E5CED8-0081-4DF6-84C0-BA4FFE53809A}.Release|x86.Build.0 = Release|Any CPU
		{90B445C3-D20C-4860-88AA-014E1DF8AA17}.Debug|Any CPU.ActiveCfg = Debug|Any CPU
		{90B445C3-D20C-4860-88AA-014E1DF8AA17}.Debug|Any CPU.Build.0 = Debug|Any CPU
		{90B445C3-D20C-4860-88AA-014E1DF8AA17}.Debug|x64.ActiveCfg = Debug|Any CPU
		{90B445C3-D20C-4860-88AA-014E1DF8AA17}.Debug|x64.Build.0 = Debug|Any CPU
		{90B445C3-D20C-4860-88AA-014E1DF8AA17}.Debug|x86.ActiveCfg = Debug|Any CPU
		{90B445C3-D20C-4860-88AA-014E1DF8AA17}.Debug|x86.Build.0 = Debug|Any CPU
		{90B445C3-D20C-4860-88AA-014E1DF8AA17}.Release|Any CPU.ActiveCfg = Release|Any CPU
		{90B445C3-D20C-4860-88AA-014E1DF8AA17}.Release|Any CPU.Build.0 = Release|Any CPU
		{90B445C3-D20C-4860-88AA-014E1DF8AA17}.Release|x64.ActiveCfg = Release|Any CPU
		{90B445C3-D20C-4860-88AA-014E1DF8AA17}.Release|x64.Build.0 = Release|Any CPU
		{90B445C3-D20C-4860-88AA-014E1DF8AA17}.Release|x86.ActiveCfg = Release|Any CPU
		{90B445C3-D20C-4860-88AA-014E1DF8AA17}.Release|x86.Build.0 = Release|Any CPU
		{BB786B45-5447-442D-BDAF-1C8F8A6C4E4D}.Debug|Any CPU.ActiveCfg = Debug|Any CPU
		{BB786B45-5447-442D-BDAF-1C8F8A6C4E4D}.Debug|Any CPU.Build.0 = Debug|Any CPU
		{BB786B45-5447-442D-BDAF-1C8F8A6C4E4D}.Debug|x64.ActiveCfg = Debug|Any CPU
		{BB786B45-5447-442D-BDAF-1C8F8A6C4E4D}.Debug|x64.Build.0 = Debug|Any CPU
		{BB786B45-5447-442D-BDAF-1C8F8A6C4E4D}.Debug|x86.ActiveCfg = Debug|Any CPU
		{BB786B45-5447-442D-BDAF-1C8F8A6C4E4D}.Debug|x86.Build.0 = Debug|Any CPU
		{BB786B45-5447-442D-BDAF-1C8F8A6C4E4D}.Release|Any CPU.ActiveCfg = Release|Any CPU
		{BB786B45-5447-442D-BDAF-1C8F8A6C4E4D}.Release|Any CPU.Build.0 = Release|Any CPU
		{BB786B45-5447-442D-BDAF-1C8F8A6C4E4D}.Release|x64.ActiveCfg = Release|Any CPU
		{BB786B45-5447-442D-BDAF-1C8F8A6C4E4D}.Release|x64.Build.0 = Release|Any CPU
		{BB786B45-5447-442D-BDAF-1C8F8A6C4E4D}.Release|x86.ActiveCfg = Release|Any CPU
		{BB786B45-5447-442D-BDAF-1C8F8A6C4E4D}.Release|x86.Build.0 = Release|Any CPU
		{A490B0B8-EA33-433D-8154-F9DD9956DADA}.Debug|Any CPU.ActiveCfg = Debug|Any CPU
		{A490B0B8-EA33-433D-8154-F9DD9956DADA}.Debug|Any CPU.Build.0 = Debug|Any CPU
		{A490B0B8-EA33-433D-8154-F9DD9956DADA}.Debug|x64.ActiveCfg = Debug|Any CPU
		{A490B0B8-EA33-433D-8154-F9DD9956DADA}.Debug|x64.Build.0 = Debug|Any CPU
		{A490B0B8-EA33-433D-8154-F9DD9956DADA}.Debug|x86.ActiveCfg = Debug|Any CPU
		{A490B0B8-EA33-433D-8154-F9DD9956DADA}.Debug|x86.Build.0 = Debug|Any CPU
		{A490B0B8-EA33-433D-8154-F9DD9956DADA}.Release|Any CPU.ActiveCfg = Release|Any CPU
		{A490B0B8-EA33-433D-8154-F9DD9956DADA}.Release|Any CPU.Build.0 = Release|Any CPU
		{A490B0B8-EA33-433D-8154-F9DD9956DADA}.Release|x64.ActiveCfg = Release|Any CPU
		{A490B0B8-EA33-433D-8154-F9DD9956DADA}.Release|x64.Build.0 = Release|Any CPU
		{A490B0B8-EA33-433D-8154-F9DD9956DADA}.Release|x86.ActiveCfg = Release|Any CPU
		{A490B0B8-EA33-433D-8154-F9DD9956DADA}.Release|x86.Build.0 = Release|Any CPU
		{F030A501-DA97-407F-8289-24F354C577A3}.Debug|Any CPU.ActiveCfg = Debug|Any CPU
		{F030A501-DA97-407F-8289-24F354C577A3}.Debug|Any CPU.Build.0 = Debug|Any CPU
		{F030A501-DA97-407F-8289-24F354C577A3}.Debug|x64.ActiveCfg = Debug|Any CPU
		{F030A501-DA97-407F-8289-24F354C577A3}.Debug|x64.Build.0 = Debug|Any CPU
		{F030A501-DA97-407F-8289-24F354C577A3}.Debug|x86.ActiveCfg = Debug|Any CPU
		{F030A501-DA97-407F-8289-24F354C577A3}.Debug|x86.Build.0 = Debug|Any CPU
		{F030A501-DA97-407F-8289-24F354C577A3}.Release|Any CPU.ActiveCfg = Release|Any CPU
		{F030A501-DA97-407F-8289-24F354C577A3}.Release|Any CPU.Build.0 = Release|Any CPU
		{F030A501-DA97-407F-8289-24F354C577A3}.Release|x64.ActiveCfg = Release|Any CPU
		{F030A501-DA97-407F-8289-24F354C577A3}.Release|x64.Build.0 = Release|Any CPU
		{F030A501-DA97-407F-8289-24F354C577A3}.Release|x86.ActiveCfg = Release|Any CPU
		{F030A501-DA97-407F-8289-24F354C577A3}.Release|x86.Build.0 = Release|Any CPU
		{60D04CA8-BA69-41D9-9FD1-62D917A04659}.Debug|Any CPU.ActiveCfg = Debug|Any CPU
		{60D04CA8-BA69-41D9-9FD1-62D917A04659}.Debug|Any CPU.Build.0 = Debug|Any CPU
		{60D04CA8-BA69-41D9-9FD1-62D917A04659}.Debug|x64.ActiveCfg = Debug|Any CPU
		{60D04CA8-BA69-41D9-9FD1-62D917A04659}.Debug|x64.Build.0 = Debug|Any CPU
		{60D04CA8-BA69-41D9-9FD1-62D917A04659}.Debug|x86.ActiveCfg = Debug|Any CPU
		{60D04CA8-BA69-41D9-9FD1-62D917A04659}.Debug|x86.Build.0 = Debug|Any CPU
		{60D04CA8-BA69-41D9-9FD1-62D917A04659}.Release|Any CPU.ActiveCfg = Release|Any CPU
		{60D04CA8-BA69-41D9-9FD1-62D917A04659}.Release|Any CPU.Build.0 = Release|Any CPU
		{60D04CA8-BA69-41D9-9FD1-62D917A04659}.Release|x64.ActiveCfg = Release|Any CPU
		{60D04CA8-BA69-41D9-9FD1-62D917A04659}.Release|x64.Build.0 = Release|Any CPU
		{60D04CA8-BA69-41D9-9FD1-62D917A04659}.Release|x86.ActiveCfg = Release|Any CPU
		{60D04CA8-BA69-41D9-9FD1-62D917A04659}.Release|x86.Build.0 = Release|Any CPU
		{67972AAC-C55F-42E2-8596-E897FB12D2B8}.Debug|Any CPU.ActiveCfg = Debug|Any CPU
		{67972AAC-C55F-42E2-8596-E897FB12D2B8}.Debug|Any CPU.Build.0 = Debug|Any CPU
		{67972AAC-C55F-42E2-8596-E897FB12D2B8}.Debug|x64.ActiveCfg = Debug|Any CPU
		{67972AAC-C55F-42E2-8596-E897FB12D2B8}.Debug|x64.Build.0 = Debug|Any CPU
		{67972AAC-C55F-42E2-8596-E897FB12D2B8}.Debug|x86.ActiveCfg = Debug|Any CPU
		{67972AAC-C55F-42E2-8596-E897FB12D2B8}.Debug|x86.Build.0 = Debug|Any CPU
		{67972AAC-C55F-42E2-8596-E897FB12D2B8}.Release|Any CPU.ActiveCfg = Release|Any CPU
		{67972AAC-C55F-42E2-8596-E897FB12D2B8}.Release|Any CPU.Build.0 = Release|Any CPU
		{67972AAC-C55F-42E2-8596-E897FB12D2B8}.Release|x64.ActiveCfg = Release|Any CPU
		{67972AAC-C55F-42E2-8596-E897FB12D2B8}.Release|x64.Build.0 = Release|Any CPU
		{67972AAC-C55F-42E2-8596-E897FB12D2B8}.Release|x86.ActiveCfg = Release|Any CPU
		{67972AAC-C55F-42E2-8596-E897FB12D2B8}.Release|x86.Build.0 = Release|Any CPU
		{ED72F12E-1A2C-4319-A61E-E6967F72EE2B}.Debug|Any CPU.ActiveCfg = Debug|Any CPU
		{ED72F12E-1A2C-4319-A61E-E6967F72EE2B}.Debug|Any CPU.Build.0 = Debug|Any CPU
		{ED72F12E-1A2C-4319-A61E-E6967F72EE2B}.Debug|x64.ActiveCfg = Debug|Any CPU
		{ED72F12E-1A2C-4319-A61E-E6967F72EE2B}.Debug|x64.Build.0 = Debug|Any CPU
		{ED72F12E-1A2C-4319-A61E-E6967F72EE2B}.Debug|x86.ActiveCfg = Debug|Any CPU
		{ED72F12E-1A2C-4319-A61E-E6967F72EE2B}.Debug|x86.Build.0 = Debug|Any CPU
		{ED72F12E-1A2C-4319-A61E-E6967F72EE2B}.Release|Any CPU.ActiveCfg = Release|Any CPU
		{ED72F12E-1A2C-4319-A61E-E6967F72EE2B}.Release|Any CPU.Build.0 = Release|Any CPU
		{ED72F12E-1A2C-4319-A61E-E6967F72EE2B}.Release|x64.ActiveCfg = Release|Any CPU
		{ED72F12E-1A2C-4319-A61E-E6967F72EE2B}.Release|x64.Build.0 = Release|Any CPU
		{ED72F12E-1A2C-4319-A61E-E6967F72EE2B}.Release|x86.ActiveCfg = Release|Any CPU
		{ED72F12E-1A2C-4319-A61E-E6967F72EE2B}.Release|x86.Build.0 = Release|Any CPU
		{BC4F19CD-D9A9-4AE3-8FE5-95D9E5529E48}.Debug|Any CPU.ActiveCfg = Debug|Any CPU
		{BC4F19CD-D9A9-4AE3-8FE5-95D9E5529E48}.Debug|Any CPU.Build.0 = Debug|Any CPU
		{BC4F19CD-D9A9-4AE3-8FE5-95D9E5529E48}.Debug|x64.ActiveCfg = Debug|Any CPU
		{BC4F19CD-D9A9-4AE3-8FE5-95D9E5529E48}.Debug|x64.Build.0 = Debug|Any CPU
		{BC4F19CD-D9A9-4AE3-8FE5-95D9E5529E48}.Debug|x86.ActiveCfg = Debug|Any CPU
		{BC4F19CD-D9A9-4AE3-8FE5-95D9E5529E48}.Debug|x86.Build.0 = Debug|Any CPU
		{BC4F19CD-D9A9-4AE3-8FE5-95D9E5529E48}.Release|Any CPU.ActiveCfg = Release|Any CPU
		{BC4F19CD-D9A9-4AE3-8FE5-95D9E5529E48}.Release|Any CPU.Build.0 = Release|Any CPU
		{BC4F19CD-D9A9-4AE3-8FE5-95D9E5529E48}.Release|x64.ActiveCfg = Release|Any CPU
		{BC4F19CD-D9A9-4AE3-8FE5-95D9E5529E48}.Release|x64.Build.0 = Release|Any CPU
		{BC4F19CD-D9A9-4AE3-8FE5-95D9E5529E48}.Release|x86.ActiveCfg = Release|Any CPU
		{BC4F19CD-D9A9-4AE3-8FE5-95D9E5529E48}.Release|x86.Build.0 = Release|Any CPU
		{EF58BDA9-85D0-4615-AFCB-F4F89E549BFB}.Debug|Any CPU.ActiveCfg = Debug|Any CPU
		{EF58BDA9-85D0-4615-AFCB-F4F89E549BFB}.Debug|Any CPU.Build.0 = Debug|Any CPU
		{EF58BDA9-85D0-4615-AFCB-F4F89E549BFB}.Debug|x64.ActiveCfg = Debug|Any CPU
		{EF58BDA9-85D0-4615-AFCB-F4F89E549BFB}.Debug|x64.Build.0 = Debug|Any CPU
		{EF58BDA9-85D0-4615-AFCB-F4F89E549BFB}.Debug|x86.ActiveCfg = Debug|Any CPU
		{EF58BDA9-85D0-4615-AFCB-F4F89E549BFB}.Debug|x86.Build.0 = Debug|Any CPU
		{EF58BDA9-85D0-4615-AFCB-F4F89E549BFB}.Release|Any CPU.ActiveCfg = Release|Any CPU
		{EF58BDA9-85D0-4615-AFCB-F4F89E549BFB}.Release|Any CPU.Build.0 = Release|Any CPU
		{EF58BDA9-85D0-4615-AFCB-F4F89E549BFB}.Release|x64.ActiveCfg = Release|Any CPU
		{EF58BDA9-85D0-4615-AFCB-F4F89E549BFB}.Release|x64.Build.0 = Release|Any CPU
		{EF58BDA9-85D0-4615-AFCB-F4F89E549BFB}.Release|x86.ActiveCfg = Release|Any CPU
		{EF58BDA9-85D0-4615-AFCB-F4F89E549BFB}.Release|x86.Build.0 = Release|Any CPU
		{F2FA4078-0AD7-4032-BB24-2BC38A5ABD12}.Debug|Any CPU.ActiveCfg = Debug|Any CPU
		{F2FA4078-0AD7-4032-BB24-2BC38A5ABD12}.Debug|Any CPU.Build.0 = Debug|Any CPU
		{F2FA4078-0AD7-4032-BB24-2BC38A5ABD12}.Debug|x64.ActiveCfg = Debug|Any CPU
		{F2FA4078-0AD7-4032-BB24-2BC38A5ABD12}.Debug|x64.Build.0 = Debug|Any CPU
		{F2FA4078-0AD7-4032-BB24-2BC38A5ABD12}.Debug|x86.ActiveCfg = Debug|Any CPU
		{F2FA4078-0AD7-4032-BB24-2BC38A5ABD12}.Debug|x86.Build.0 = Debug|Any CPU
		{F2FA4078-0AD7-4032-BB24-2BC38A5ABD12}.Release|Any CPU.ActiveCfg = Release|Any CPU
		{F2FA4078-0AD7-4032-BB24-2BC38A5ABD12}.Release|Any CPU.Build.0 = Release|Any CPU
		{F2FA4078-0AD7-4032-BB24-2BC38A5ABD12}.Release|x64.ActiveCfg = Release|Any CPU
		{F2FA4078-0AD7-4032-BB24-2BC38A5ABD12}.Release|x64.Build.0 = Release|Any CPU
		{F2FA4078-0AD7-4032-BB24-2BC38A5ABD12}.Release|x86.ActiveCfg = Release|Any CPU
		{F2FA4078-0AD7-4032-BB24-2BC38A5ABD12}.Release|x86.Build.0 = Release|Any CPU
		{5912AC7C-CA9C-4E46-AF5A-F33A804B9ED6}.Debug|Any CPU.ActiveCfg = Debug|Any CPU
		{5912AC7C-CA9C-4E46-AF5A-F33A804B9ED6}.Debug|Any CPU.Build.0 = Debug|Any CPU
		{5912AC7C-CA9C-4E46-AF5A-F33A804B9ED6}.Debug|x64.ActiveCfg = Debug|Any CPU
		{5912AC7C-CA9C-4E46-AF5A-F33A804B9ED6}.Debug|x64.Build.0 = Debug|Any CPU
		{5912AC7C-CA9C-4E46-AF5A-F33A804B9ED6}.Debug|x86.ActiveCfg = Debug|Any CPU
		{5912AC7C-CA9C-4E46-AF5A-F33A804B9ED6}.Debug|x86.Build.0 = Debug|Any CPU
		{5912AC7C-CA9C-4E46-AF5A-F33A804B9ED6}.Release|Any CPU.ActiveCfg = Release|Any CPU
		{5912AC7C-CA9C-4E46-AF5A-F33A804B9ED6}.Release|Any CPU.Build.0 = Release|Any CPU
		{5912AC7C-CA9C-4E46-AF5A-F33A804B9ED6}.Release|x64.ActiveCfg = Release|Any CPU
		{5912AC7C-CA9C-4E46-AF5A-F33A804B9ED6}.Release|x64.Build.0 = Release|Any CPU
		{5912AC7C-CA9C-4E46-AF5A-F33A804B9ED6}.Release|x86.ActiveCfg = Release|Any CPU
		{5912AC7C-CA9C-4E46-AF5A-F33A804B9ED6}.Release|x86.Build.0 = Release|Any CPU
		{10D1F59F-2755-4E19-9AC4-7CF9E5F7DB5A}.Debug|Any CPU.ActiveCfg = Debug|Any CPU
		{10D1F59F-2755-4E19-9AC4-7CF9E5F7DB5A}.Debug|Any CPU.Build.0 = Debug|Any CPU
		{10D1F59F-2755-4E19-9AC4-7CF9E5F7DB5A}.Debug|x64.ActiveCfg = Debug|Any CPU
		{10D1F59F-2755-4E19-9AC4-7CF9E5F7DB5A}.Debug|x64.Build.0 = Debug|Any CPU
		{10D1F59F-2755-4E19-9AC4-7CF9E5F7DB5A}.Debug|x86.ActiveCfg = Debug|Any CPU
		{10D1F59F-2755-4E19-9AC4-7CF9E5F7DB5A}.Debug|x86.Build.0 = Debug|Any CPU
		{10D1F59F-2755-4E19-9AC4-7CF9E5F7DB5A}.Release|Any CPU.ActiveCfg = Release|Any CPU
		{10D1F59F-2755-4E19-9AC4-7CF9E5F7DB5A}.Release|Any CPU.Build.0 = Release|Any CPU
		{10D1F59F-2755-4E19-9AC4-7CF9E5F7DB5A}.Release|x64.ActiveCfg = Release|Any CPU
		{10D1F59F-2755-4E19-9AC4-7CF9E5F7DB5A}.Release|x64.Build.0 = Release|Any CPU
		{10D1F59F-2755-4E19-9AC4-7CF9E5F7DB5A}.Release|x86.ActiveCfg = Release|Any CPU
		{10D1F59F-2755-4E19-9AC4-7CF9E5F7DB5A}.Release|x86.Build.0 = Release|Any CPU
		{B9144FCE-298B-41F3-A185-A8436A134074}.Debug|Any CPU.ActiveCfg = Debug|Any CPU
		{B9144FCE-298B-41F3-A185-A8436A134074}.Debug|Any CPU.Build.0 = Debug|Any CPU
		{B9144FCE-298B-41F3-A185-A8436A134074}.Debug|x64.ActiveCfg = Debug|Any CPU
		{B9144FCE-298B-41F3-A185-A8436A134074}.Debug|x64.Build.0 = Debug|Any CPU
		{B9144FCE-298B-41F3-A185-A8436A134074}.Debug|x86.ActiveCfg = Debug|Any CPU
		{B9144FCE-298B-41F3-A185-A8436A134074}.Debug|x86.Build.0 = Debug|Any CPU
		{B9144FCE-298B-41F3-A185-A8436A134074}.Release|Any CPU.ActiveCfg = Release|Any CPU
		{B9144FCE-298B-41F3-A185-A8436A134074}.Release|Any CPU.Build.0 = Release|Any CPU
		{B9144FCE-298B-41F3-A185-A8436A134074}.Release|x64.ActiveCfg = Release|Any CPU
		{B9144FCE-298B-41F3-A185-A8436A134074}.Release|x64.Build.0 = Release|Any CPU
		{B9144FCE-298B-41F3-A185-A8436A134074}.Release|x86.ActiveCfg = Release|Any CPU
		{B9144FCE-298B-41F3-A185-A8436A134074}.Release|x86.Build.0 = Release|Any CPU
		{BAA71608-AC29-4267-AEB9-84314111C711}.Debug|Any CPU.ActiveCfg = Debug|Any CPU
		{BAA71608-AC29-4267-AEB9-84314111C711}.Debug|Any CPU.Build.0 = Debug|Any CPU
		{BAA71608-AC29-4267-AEB9-84314111C711}.Debug|x64.ActiveCfg = Debug|Any CPU
		{BAA71608-AC29-4267-AEB9-84314111C711}.Debug|x64.Build.0 = Debug|Any CPU
		{BAA71608-AC29-4267-AEB9-84314111C711}.Debug|x86.ActiveCfg = Debug|Any CPU
		{BAA71608-AC29-4267-AEB9-84314111C711}.Debug|x86.Build.0 = Debug|Any CPU
		{BAA71608-AC29-4267-AEB9-84314111C711}.Release|Any CPU.ActiveCfg = Release|Any CPU
		{BAA71608-AC29-4267-AEB9-84314111C711}.Release|Any CPU.Build.0 = Release|Any CPU
		{BAA71608-AC29-4267-AEB9-84314111C711}.Release|x64.ActiveCfg = Release|Any CPU
		{BAA71608-AC29-4267-AEB9-84314111C711}.Release|x64.Build.0 = Release|Any CPU
		{BAA71608-AC29-4267-AEB9-84314111C711}.Release|x86.ActiveCfg = Release|Any CPU
		{BAA71608-AC29-4267-AEB9-84314111C711}.Release|x86.Build.0 = Release|Any CPU
		{D553B5AB-60BF-42FB-BA14-C28A981DAA48}.Debug|Any CPU.ActiveCfg = Debug|Any CPU
		{D553B5AB-60BF-42FB-BA14-C28A981DAA48}.Debug|Any CPU.Build.0 = Debug|Any CPU
		{D553B5AB-60BF-42FB-BA14-C28A981DAA48}.Debug|x64.ActiveCfg = Debug|Any CPU
		{D553B5AB-60BF-42FB-BA14-C28A981DAA48}.Debug|x64.Build.0 = Debug|Any CPU
		{D553B5AB-60BF-42FB-BA14-C28A981DAA48}.Debug|x86.ActiveCfg = Debug|Any CPU
		{D553B5AB-60BF-42FB-BA14-C28A981DAA48}.Debug|x86.Build.0 = Debug|Any CPU
		{D553B5AB-60BF-42FB-BA14-C28A981DAA48}.Release|Any CPU.ActiveCfg = Release|Any CPU
		{D553B5AB-60BF-42FB-BA14-C28A981DAA48}.Release|Any CPU.Build.0 = Release|Any CPU
		{D553B5AB-60BF-42FB-BA14-C28A981DAA48}.Release|x64.ActiveCfg = Release|Any CPU
		{D553B5AB-60BF-42FB-BA14-C28A981DAA48}.Release|x64.Build.0 = Release|Any CPU
		{D553B5AB-60BF-42FB-BA14-C28A981DAA48}.Release|x86.ActiveCfg = Release|Any CPU
		{D553B5AB-60BF-42FB-BA14-C28A981DAA48}.Release|x86.Build.0 = Release|Any CPU
		{FD8A60A4-FF8D-4BB4-9A43-913E30BCAA22}.Debug|Any CPU.ActiveCfg = Debug|Any CPU
		{FD8A60A4-FF8D-4BB4-9A43-913E30BCAA22}.Debug|Any CPU.Build.0 = Debug|Any CPU
		{FD8A60A4-FF8D-4BB4-9A43-913E30BCAA22}.Debug|x64.ActiveCfg = Debug|Any CPU
		{FD8A60A4-FF8D-4BB4-9A43-913E30BCAA22}.Debug|x64.Build.0 = Debug|Any CPU
		{FD8A60A4-FF8D-4BB4-9A43-913E30BCAA22}.Debug|x86.ActiveCfg = Debug|Any CPU
		{FD8A60A4-FF8D-4BB4-9A43-913E30BCAA22}.Debug|x86.Build.0 = Debug|Any CPU
		{FD8A60A4-FF8D-4BB4-9A43-913E30BCAA22}.Release|Any CPU.ActiveCfg = Release|Any CPU
		{FD8A60A4-FF8D-4BB4-9A43-913E30BCAA22}.Release|Any CPU.Build.0 = Release|Any CPU
		{FD8A60A4-FF8D-4BB4-9A43-913E30BCAA22}.Release|x64.ActiveCfg = Release|Any CPU
		{FD8A60A4-FF8D-4BB4-9A43-913E30BCAA22}.Release|x64.Build.0 = Release|Any CPU
		{FD8A60A4-FF8D-4BB4-9A43-913E30BCAA22}.Release|x86.ActiveCfg = Release|Any CPU
		{FD8A60A4-FF8D-4BB4-9A43-913E30BCAA22}.Release|x86.Build.0 = Release|Any CPU
		{1018E355-6B43-4ED6-8EB1-7DC8799F1391}.Debug|Any CPU.ActiveCfg = Debug|Any CPU
		{1018E355-6B43-4ED6-8EB1-7DC8799F1391}.Debug|Any CPU.Build.0 = Debug|Any CPU
		{1018E355-6B43-4ED6-8EB1-7DC8799F1391}.Debug|x64.ActiveCfg = Debug|Any CPU
		{1018E355-6B43-4ED6-8EB1-7DC8799F1391}.Debug|x64.Build.0 = Debug|Any CPU
		{1018E355-6B43-4ED6-8EB1-7DC8799F1391}.Debug|x86.ActiveCfg = Debug|Any CPU
		{1018E355-6B43-4ED6-8EB1-7DC8799F1391}.Debug|x86.Build.0 = Debug|Any CPU
		{1018E355-6B43-4ED6-8EB1-7DC8799F1391}.Release|Any CPU.ActiveCfg = Release|Any CPU
		{1018E355-6B43-4ED6-8EB1-7DC8799F1391}.Release|Any CPU.Build.0 = Release|Any CPU
		{1018E355-6B43-4ED6-8EB1-7DC8799F1391}.Release|x64.ActiveCfg = Release|Any CPU
		{1018E355-6B43-4ED6-8EB1-7DC8799F1391}.Release|x64.Build.0 = Release|Any CPU
		{1018E355-6B43-4ED6-8EB1-7DC8799F1391}.Release|x86.ActiveCfg = Release|Any CPU
		{1018E355-6B43-4ED6-8EB1-7DC8799F1391}.Release|x86.Build.0 = Release|Any CPU
		{807D4134-F4BF-46E6-8E64-D1F299C8BD33}.Debug|Any CPU.ActiveCfg = Debug|Any CPU
		{807D4134-F4BF-46E6-8E64-D1F299C8BD33}.Debug|Any CPU.Build.0 = Debug|Any CPU
		{807D4134-F4BF-46E6-8E64-D1F299C8BD33}.Debug|x64.ActiveCfg = Debug|Any CPU
		{807D4134-F4BF-46E6-8E64-D1F299C8BD33}.Debug|x64.Build.0 = Debug|Any CPU
		{807D4134-F4BF-46E6-8E64-D1F299C8BD33}.Debug|x86.ActiveCfg = Debug|Any CPU
		{807D4134-F4BF-46E6-8E64-D1F299C8BD33}.Debug|x86.Build.0 = Debug|Any CPU
		{807D4134-F4BF-46E6-8E64-D1F299C8BD33}.Release|Any CPU.ActiveCfg = Release|Any CPU
		{807D4134-F4BF-46E6-8E64-D1F299C8BD33}.Release|Any CPU.Build.0 = Release|Any CPU
		{807D4134-F4BF-46E6-8E64-D1F299C8BD33}.Release|x64.ActiveCfg = Release|Any CPU
		{807D4134-F4BF-46E6-8E64-D1F299C8BD33}.Release|x64.Build.0 = Release|Any CPU
		{807D4134-F4BF-46E6-8E64-D1F299C8BD33}.Release|x86.ActiveCfg = Release|Any CPU
		{807D4134-F4BF-46E6-8E64-D1F299C8BD33}.Release|x86.Build.0 = Release|Any CPU
	EndGlobalSection
	GlobalSection(NestedProjects) = preSolution
		{905AF754-56CA-4147-8165-B6B4305D590E} = {8430F475-D735-4192-9D73-1CB47CA1E168}
		{EF7D3288-840B-45EA-9370-A49ACCA20417} = {905AF754-56CA-4147-8165-B6B4305D590E}
		{D1E5CED8-0081-4DF6-84C0-BA4FFE53809A} = {905AF754-56CA-4147-8165-B6B4305D590E}
		{90B445C3-D20C-4860-88AA-014E1DF8AA17} = {905AF754-56CA-4147-8165-B6B4305D590E}
		{BB786B45-5447-442D-BDAF-1C8F8A6C4E4D} = {905AF754-56CA-4147-8165-B6B4305D590E}
		{A490B0B8-EA33-433D-8154-F9DD9956DADA} = {905AF754-56CA-4147-8165-B6B4305D590E}
		{F030A501-DA97-407F-8289-24F354C577A3} = {905AF754-56CA-4147-8165-B6B4305D590E}
		{60D04CA8-BA69-41D9-9FD1-62D917A04659} = {905AF754-56CA-4147-8165-B6B4305D590E}
		{67972AAC-C55F-42E2-8596-E897FB12D2B8} = {0896023D-BD31-4AF3-BBD7-A09A4DE4F4DD}
		{18634F79-EBFC-46EB-A028-34494D91BDDA} = {0896023D-BD31-4AF3-BBD7-A09A4DE4F4DD}
		{ED72F12E-1A2C-4319-A61E-E6967F72EE2B} = {18634F79-EBFC-46EB-A028-34494D91BDDA}
		{E5781803-D5B5-4C7C-8E1E-F746B073FBC6} = {0896023D-BD31-4AF3-BBD7-A09A4DE4F4DD}
		{BC4F19CD-D9A9-4AE3-8FE5-95D9E5529E48} = {E5781803-D5B5-4C7C-8E1E-F746B073FBC6}
		{EF58BDA9-85D0-4615-AFCB-F4F89E549BFB} = {A42D2AC2-EB1D-4CB2-B7F2-589BCA44DE21}
		{F2FA4078-0AD7-4032-BB24-2BC38A5ABD12} = {A42D2AC2-EB1D-4CB2-B7F2-589BCA44DE21}
		{5912AC7C-CA9C-4E46-AF5A-F33A804B9ED6} = {A42D2AC2-EB1D-4CB2-B7F2-589BCA44DE21}
		{10D1F59F-2755-4E19-9AC4-7CF9E5F7DB5A} = {A42D2AC2-EB1D-4CB2-B7F2-589BCA44DE21}
		{B9144FCE-298B-41F3-A185-A8436A134074} = {0896023D-BD31-4AF3-BBD7-A09A4DE4F4DD}
		{BAA71608-AC29-4267-AEB9-84314111C711} = {A42D2AC2-EB1D-4CB2-B7F2-589BCA44DE21}
		{FBE8ADBE-C848-4B96-9B1E-3A673FC4D498} = {0896023D-BD31-4AF3-BBD7-A09A4DE4F4DD}
		{D553B5AB-60BF-42FB-BA14-C28A981DAA48} = {FBE8ADBE-C848-4B96-9B1E-3A673FC4D498}
		{FD8A60A4-FF8D-4BB4-9A43-913E30BCAA22} = {FBE8ADBE-C848-4B96-9B1E-3A673FC4D498}
		{1018E355-6B43-4ED6-8EB1-7DC8799F1391} = {FBE8ADBE-C848-4B96-9B1E-3A673FC4D498}
		{807D4134-F4BF-46E6-8E64-D1F299C8BD33} = {FBE8ADBE-C848-4B96-9B1E-3A673FC4D498}
	EndGlobalSection
EndGlobal
